<?xml version="1.0" encoding="utf-8"?>
<Project ToolsVersion="14.0" xmlns="http://schemas.microsoft.com/developer/msbuild/2003">
  <ItemGroup>
    <CustomBuild Include="C:\ProgramData\NVIDIA Corporation\OptiX SDK 5.0.1\SDK\optixHello\CMakeLists.txt" />
  </ItemGroup>
  <ItemGroup>
    <Filter Include="Source Files">
      <UniqueIdentifier>{D36DC7E8-0C8D-3765-9778-392CD6CDA187}</UniqueIdentifier>
    </Filter>
    <Filter Include="CUDA Files">
      <UniqueIdentifier>{58C8E198-77DB-3661-AFE9-C86A2F8824BB}</UniqueIdentifier>
    </Filter>
    <Filter Include="Header Files">
      <UniqueIdentifier>{b143228f-2438-4717-93d4-8d76fa08721c}</UniqueIdentifier>
    </Filter>
    <Filter Include="Header Files\Camera">
      <UniqueIdentifier>{c38d8328-5497-4457-9cf3-7efce88dfd83}</UniqueIdentifier>
    </Filter>
    <Filter Include="Header Files\Adaptive MC">
      <UniqueIdentifier>{3c11fe78-1f5e-47d5-b508-ac5df282ec42}</UniqueIdentifier>
    </Filter>
    <Filter Include="Header Files\Filter">
      <UniqueIdentifier>{db8cba4f-f4de-4db3-a95b-5bc3b145143e}</UniqueIdentifier>
    </Filter>
    <Filter Include="Header Files\Renderer">
      <UniqueIdentifier>{248275cb-5d7b-4755-a9db-d34a1a5717d6}</UniqueIdentifier>
    </Filter>
  </ItemGroup>
  <ItemGroup>
    <ClCompile Include="..\src\optixHello\optixHello.cpp">
      <Filter>Source Files</Filter>
    </ClCompile>
    <ClCompile Include="..\src\optixHello\RayTraceRenderer.cpp">
      <Filter>Source Files</Filter>
    </ClCompile>
    <ClCompile Include="..\src\optixHello\optixHello_BackUp.cpp">
      <Filter>Source Files</Filter>
    </ClCompile>
  </ItemGroup>
  <ItemGroup>
    <None Include="..\src\optixHello\draw_color.cu">
      <Filter>CUDA Files</Filter>
    </None>
    <None Include="..\src\optixHello\optixPathTracer.cu">
      <Filter>CUDA Files</Filter>
    </None>
    <None Include="..\src\optixHello\parallelogram.cu">
      <Filter>CUDA Files</Filter>
    </None>
    <None Include="..\src\optixHello\adaptiveOptixPathTracer.cu">
      <Filter>CUDA Files</Filter>
    </None>
  </ItemGroup>
  <ItemGroup>
    <ClInclude Include="..\src\optixHello\optixPathTracer.h">
      <Filter>Header Files</Filter>
    </ClInclude>
    <ClInclude Include="..\src\optixHello\random.h">
      <Filter>Header Files</Filter>
    </ClInclude>
    <ClInclude Include="..\src\optixHello\Camera.h">
      <Filter>Header Files\Camera</Filter>
    </ClInclude>
    <ClInclude Include="..\src\optixHello\TrackballCamera.h">
      <Filter>Header Files\Camera</Filter>
    </ClInclude>
    <ClInclude Include="..\src\optixHello\VarianceAdaptive.h">
      <Filter>Header Files\Adaptive MC</Filter>
    </ClInclude>
    <ClInclude Include="..\src\optixHello\HoelderAdaptive.h">
      <Filter>Header Files\Adaptive MC</Filter>
    </ClInclude>
    <ClInclude Include="..\src\optixHello\MitchellFilter.h">
      <Filter>Header Files\Filter</Filter>
    </ClInclude>
    <ClInclude Include="..\src\optixHello\MitchellFilterDevice.h">
      <Filter>Header Files\Filter</Filter>
    </ClInclude>
    <ClInclude Include="..\src\optixHello\Buffers.h">
      <Filter>Header Files</Filter>
    </ClInclude>
    <ClInclude Include="..\src\optixHello\RayTraceRenderContext.h">
      <Filter>Header Files\Renderer</Filter>
    </ClInclude>
    <ClInclude Include="..\src\optixHello\IOptixRenderContext.h">
      <Filter>Header Files\Renderer</Filter>
    </ClInclude>
    <ClInclude Include="..\src\optixHello\PathTraceRenderContext.h">
      <Filter>Header Files\Renderer</Filter>
    </ClInclude>
    <ClInclude Include="..\src\optixHello\AdaptivePathTraceRenderContext.h">
      <Filter>Header Files\Renderer</Filter>
    </ClInclude>
  </ItemGroup>
</Project>